
Microsoft Visual Studio Solution File, Format Version 12.00
# Visual Studio Version 16
VisualStudioVersion = 16.0.32901.82
MinimumVisualStudioVersion = 10.0.40219.1
Project("{2150E333-8FDC-42A3-9474-1A3956D46DE8}") = "Apps", "Apps", "{2AF117CF-E296-43AB-8983-FA28BDF82B37}"
EndProject
Project("{9A19103F-16F7-4668-BE54-9A1E7A4F7556}") = "Testing", "Testing\Testing.csproj", "{3D0A8470-B1A5-4F9F-A332-09C30EBED810}"
EndProject
Project("{9A19103F-16F7-4668-BE54-9A1E7A4F7556}") = "RETCON-Core", "RETCON-Core\RETCON-Core.csproj", "{5FE66942-079B-41A6-83C6-000F31BE7FEF}"
EndProject
Global
	GlobalSection(SolutionConfigurationPlatforms) = preSolution
		Debug|Any CPU = Debug|Any CPU
		Release|Any CPU = Release|Any CPU
	EndGlobalSection
	GlobalSection(ProjectConfigurationPlatforms) = postSolution
		{3D0A8470-B1A5-4F9F-A332-09C30EBED810}.Debug|Any CPU.ActiveCfg = Debug|Any CPU
		{3D0A8470-B1A5-4F9F-A332-09C30EBED810}.Debug|Any CPU.Build.0 = Debug|Any CPU
		{3D0A8470-B1A5-4F9F-A332-09C30EBED810}.Release|Any CPU.ActiveCfg = Release|Any CPU
		{3D0A8470-B1A5-4F9F-A332-09C30EBED810}.Release|Any CPU.Build.0 = Release|Any CPU
		{5FE66942-079B-41A6-83C6-000F31BE7FEF}.Debug|Any CPU.ActiveCfg = Debug|Any CPU
		{5FE66942-079B-41A6-83C6-000F31BE7FEF}.Debug|Any CPU.Build.0 = Debug|Any CPU
		{5FE66942-079B-41A6-83C6-000F31BE7FEF}.Release|Any CPU.ActiveCfg = Release|Any CPU
		{5FE66942-079B-41A6-83C6-000F31BE7FEF}.Release|Any CPU.Build.0 = Release|Any CPU
	EndGlobalSection
	GlobalSection(SolutionProperties) = preSolution
		HideSolutionNode = FALSE
	EndGlobalSection
	GlobalSection(NestedProjects) = preSolution
		{3D0A8470-B1A5-4F9F-A332-09C30EBED810} = {2AF117CF-E296-43AB-8983-FA28BDF82B37}
	EndGlobalSection
	GlobalSection(ExtensibilityGlobals) = postSolution
		SolutionGuid = {B84BAD6F-C8AB-4FBB-A538-8AC45068FAB1}
	EndGlobalSection
EndGlobal
